// !$*UTF8*$!
{
	archiveVersion = 1;
	classes = {
	};
	objectVersion = 46;
	objects = {

/* Begin PBXBuildFile section */
		6CA3674F1D94C72200185381 /* AppDelegate.swift in Sources */ = {isa = PBXBuildFile; fileRef = 6CA3674E1D94C72200185381 /* AppDelegate.swift */; };
		6CA367511D94C72200185381 /* ViewController.swift in Sources */ = {isa = PBXBuildFile; fileRef = 6CA367501D94C72200185381 /* ViewController.swift */; };
		6CA367541D94C72200185381 /* Main.storyboard in Resources */ = {isa = PBXBuildFile; fileRef = 6CA367521D94C72200185381 /* Main.storyboard */; };
		6CA367561D94C72200185381 /* Assets.xcassets in Resources */ = {isa = PBXBuildFile; fileRef = 6CA367551D94C72200185381 /* Assets.xcassets */; };
		6CA367591D94C72200185381 /* LaunchScreen.storyboard in Resources */ = {isa = PBXBuildFile; fileRef = 6CA367571D94C72200185381 /* LaunchScreen.storyboard */; };
		6CA367641D94C72200185381 /* iOSandandroidTests.swift in Sources */ = {isa = PBXBuildFile; fileRef = 6CA367631D94C72200185381 /* iOSandandroidTests.swift */; };
		6CA3676F1D94C72200185381 /* iOSandandroidUITests.swift in Sources */ = {isa = PBXBuildFile; fileRef = 6CA3676E1D94C72200185381 /* iOSandandroidUITests.swift */; };
		6CA3677D1D94C73C00185381 /* firstViewController.swift in Sources */ = {isa = PBXBuildFile; fileRef = 6CA3677C1D94C73C00185381 /* firstViewController.swift */; };
		6CA3677F1D94CA9E00185381 /* first.swift in Sources */ = {isa = PBXBuildFile; fileRef = 6CA3677E1D94CA9E00185381 /* first.swift */; };
/* End PBXBuildFile section */

/* Begin PBXContainerItemProxy section */
		6CA367601D94C72200185381 /* PBXContainerItemProxy */ = {
			isa = PBXContainerItemProxy;
			containerPortal = 6CA367431D94C72200185381 /* Project object */;
			proxyType = 1;
			remoteGlobalIDString = 6CA3674A1D94C72200185381;
			remoteInfo = iOSandandroid;
		};
		6CA3676B1D94C72200185381 /* PBXContainerItemProxy */ = {
			isa = PBXContainerItemProxy;
			containerPortal = 6CA367431D94C72200185381 /* Project object */;
			proxyType = 1;
			remoteGlobalIDString = 6CA3674A1D94C72200185381;
			remoteInfo = iOSandandroid;
		};
/* End PBXContainerItemProxy section */

/* Begin PBXFileReference section */
		6CA3674B1D94C72200185381 /* iOSandandroid.app */ = {isa = PBXFileReference; explicitFileType = wrapper.application; includeInIndex = 0; path = iOSandandroid.app; sourceTree = BUILT_PRODUCTS_DIR; };
		6CA3674E1D94C72200185381 /* AppDelegate.swift */ = {isa = PBXFileReference; lastKnownFileType = sourcecode.swift; path = AppDelegate.swift; sourceTree = "<group>"; };
		6CA367501D94C72200185381 /* ViewController.swift */ = {isa = PBXFileReference; lastKnownFileType = sourcecode.swift; path = ViewController.swift; sourceTree = "<group>"; };
		6CA367531D94C72200185381 /* Base */ = {isa = PBXFileReference; lastKnownFileType = file.storyboard; name = Base; path = Base.lproj/Main.storyboard; sourceTree = "<group>"; };
		6CA367551D94C72200185381 /* Assets.xcassets */ = {isa = PBXFileReference; lastKnownFileType = folder.assetcatalog; path = Assets.xcassets; sourceTree = "<group>"; };
		6CA367581D94C72200185381 /* Base */ = {isa = PBXFileReference; lastKnownFileType = file.storyboard; name = Base; path = Base.lproj/LaunchScreen.storyboard; sourceTree = "<group>"; };
		6CA3675A1D94C72200185381 /* Info.plist */ = {isa = PBXFileReference; lastKnownFileType = text.plist.xml; path = Info.plist; sourceTree = "<group>"; };
		6CA3675F1D94C72200185381 /* iOSandandroidTests.xctest */ = {isa = PBXFileReference; explicitFileType = wrapper.cfbundle; includeInIndex = 0; path = iOSandandroidTests.xctest; sourceTree = BUILT_PRODUCTS_DIR; };
		6CA367631D94C72200185381 /* iOSandandroidTests.swift */ = {isa = PBXFileReference; lastKnownFileType = sourcecode.swift; path = iOSandandroidTests.swift; sourceTree = "<group>"; };
		6CA367651D94C72200185381 /* Info.plist */ = {isa = PBXFileReference; lastKnownFileType = text.plist.xml; path = Info.plist; sourceTree = "<group>"; };
		6CA3676A1D94C72200185381 /* iOSandandroidUITests.xctest */ = {isa = PBXFileReference; explicitFileType = wrapper.cfbundle; includeInIndex = 0; path = iOSandandroidUITests.xctest; sourceTree = BUILT_PRODUCTS_DIR; };
		6CA3676E1D94C72200185381 /* iOSandandroidUITests.swift */ = {isa = PBXFileReference; lastKnownFileType = sourcecode.swift; path = iOSandandroidUITests.swift; sourceTree = "<group>"; };
		6CA367701D94C72200185381 /* Info.plist */ = {isa = PBXFileReference; lastKnownFileType = text.plist.xml; path = Info.plist; sourceTree = "<group>"; };
		6CA3677C1D94C73C00185381 /* firstViewController.swift */ = {isa = PBXFileReference; fileEncoding = 4; lastKnownFileType = sourcecode.swift; path = firstViewController.swift; sourceTree = "<group>"; };
		6CA3677E1D94CA9E00185381 /* first.swift */ = {isa = PBXFileReference; fileEncoding = 4; lastKnownFileType = sourcecode.swift; path = first.swift; sourceTree = "<group>"; };
/* End PBXFileReference section */

/* Begin PBXFrameworksBuildPhase section */
		6CA367481D94C72200185381 /* Frameworks */ = {
			isa = PBXFrameworksBuildPhase;
			buildActionMask = 2147483647;
			files = (
			);
			runOnlyForDeploymentPostprocessing = 0;
		};
		6CA3675C1D94C72200185381 /* Frameworks */ = {
			isa = PBXFrameworksBuildPhase;
			buildActionMask = 2147483647;
			files = (
			);
			runOnlyForDeploymentPostprocessing = 0;
		};
		6CA367671D94C72200185381 /* Frameworks */ = {
			isa = PBXFrameworksBuildPhase;
			buildActionMask = 2147483647;
			files = (
			);
			runOnlyForDeploymentPostprocessing = 0;
		};
/* End PBXFrameworksBuildPhase section */

/* Begin PBXGroup section */
		6CA367421D94C72200185381 = {
			isa = PBXGroup;
			children = (
				6CA3674D1D94C72200185381 /* iOSandandroid */,
				6CA367621D94C72200185381 /* iOSandandroidTests */,
				6CA3676D1D94C72200185381 /* iOSandandroidUITests */,
				6CA3674C1D94C72200185381 /* Products */,
			);
			sourceTree = "<group>";
		};
		6CA3674C1D94C72200185381 /* Products */ = {
			isa = PBXGroup;
			children = (
				6CA3674B1D94C72200185381 /* iOSandandroid.app */,
				6CA3675F1D94C72200185381 /* iOSandandroidTests.xctest */,
				6CA3676A1D94C72200185381 /* iOSandandroidUITests.xctest */,
			);
			name = Products;
			sourceTree = "<group>";
		};
		6CA3674D1D94C72200185381 /* iOSandandroid */ = {
			isa = PBXGroup;
			children = (
				6CA3674E1D94C72200185381 /* AppDelegate.swift */,
				6CA367501D94C72200185381 /* ViewController.swift */,
				6CA3677C1D94C73C00185381 /* firstViewController.swift */,
				6CA3677E1D94CA9E00185381 /* first.swift */,
				6CA367521D94C72200185381 /* Main.storyboard */,
				6CA367551D94C72200185381 /* Assets.xcassets */,
				6CA367571D94C72200185381 /* LaunchScreen.storyboard */,
				6CA3675A1D94C72200185381 /* Info.plist */,
			);
			path = iOSandandroid;
			sourceTree = "<group>";
		};
		6CA367621D94C72200185381 /* iOSandandroidTests */ = {
			isa = PBXGroup;
			children = (
				6CA367631D94C72200185381 /* iOSandandroidTests.swift */,
				6CA367651D94C72200185381 /* Info.plist */,
			);
			path = iOSandandroidTests;
			sourceTree = "<group>";
		};
		6CA3676D1D94C72200185381 /* iOSandandroidUITests */ = {
			isa = PBXGroup;
			children = (
				6CA3676E1D94C72200185381 /* iOSandandroidUITests.swift */,
				6CA367701D94C72200185381 /* Info.plist */,
			);
			path = iOSandandroidUITests;
			sourceTree = "<group>";
		};
/* End PBXGroup section */

/* Begin PBXNativeTarget section */
		6CA3674A1D94C72200185381 /* iOSandandroid */ = {
			isa = PBXNativeTarget;
			buildConfigurationList = 6CA367731D94C72200185381 /* Build configuration list for PBXNativeTarget "iOSandandroid" */;
			buildPhases = (
				6CA367471D94C72200185381 /* Sources */,
				6CA367481D94C72200185381 /* Frameworks */,
				6CA367491D94C72200185381 /* Resources */,
			);
			buildRules = (
			);
			dependencies = (
			);
			name = iOSandandroid;
			productName = iOSandandroid;
			productReference = 6CA3674B1D94C72200185381 /* iOSandandroid.app */;
			productType = "com.apple.product-type.application";
		};
		6CA3675E1D94C72200185381 /* iOSandandroidTests */ = {
			isa = PBXNativeTarget;
			buildConfigurationList = 6CA367761D94C72200185381 /* Build configuration list for PBXNativeTarget "iOSandandroidTests" */;
			buildPhases = (
				6CA3675B1D94C72200185381 /* Sources */,
				6CA3675C1D94C72200185381 /* Frameworks */,
				6CA3675D1D94C72200185381 /* Resources */,
			);
			buildRules = (
			);
			dependencies = (
				6CA367611D94C72200185381 /* PBXTargetDependency */,
			);
			name = iOSandandroidTests;
			productName = iOSandandroidTests;
			productReference = 6CA3675F1D94C72200185381 /* iOSandandroidTests.xctest */;
			productType = "com.apple.product-type.bundle.unit-test";
		};
		6CA367691D94C72200185381 /* iOSandandroidUITests */ = {
			isa = PBXNativeTarget;
			buildConfigurationList = 6CA367791D94C72200185381 /* Build configuration list for PBXNativeTarget "iOSandandroidUITests" */;
			buildPhases = (
				6CA367661D94C72200185381 /* Sources */,
				6CA367671D94C72200185381 /* Frameworks */,
				6CA367681D94C72200185381 /* Resources */,
			);
			buildRules = (
			);
			dependencies = (
				6CA3676C1D94C72200185381 /* PBXTargetDependency */,
			);
			name = iOSandandroidUITests;
			productName = iOSandandroidUITests;
			productReference = 6CA3676A1D94C72200185381 /* iOSandandroidUITests.xctest */;
			productType = "com.apple.product-type.bundle.ui-testing";
		};
/* End PBXNativeTarget section */

/* Begin PBXProject section */
		6CA367431D94C72200185381 /* Project object */ = {
			isa = PBXProject;
			attributes = {
				LastSwiftUpdateCheck = 0730;
				LastUpgradeCheck = 0730;
				ORGANIZATIONNAME = FC;
				TargetAttributes = {
					6CA3674A1D94C72200185381 = {
						CreatedOnToolsVersion = 7.3;
					};
					6CA3675E1D94C72200185381 = {
						CreatedOnToolsVersion = 7.3;
						TestTargetID = 6CA3674A1D94C72200185381;
					};
					6CA367691D94C72200185381 = {
						CreatedOnToolsVersion = 7.3;
						TestTargetID = 6CA3674A1D94C72200185381;
					};
				};
			};
			buildConfigurationList = 6CA367461D94C72200185381 /* Build configuration list for PBXProject "iOSandandroid" */;
			compatibilityVersion = "Xcode 3.2";
			developmentRegion = English;
			hasScannedForEncodings = 0;
			knownRegions = (
				en,
				Base,
			);
			mainGroup = 6CA367421D94C72200185381;
			productRefGroup = 6CA3674C1D94C72200185381 /* Products */;
			projectDirPath = "";
			projectRoot = "";
			targets = (
				6CA3674A1D94C72200185381 /* iOSandandroid */,
				6CA3675E1D94C72200185381 /* iOSandandroidTests */,
				6CA367691D94C72200185381 /* iOSandandroidUITests */,
			);
		};
/* End PBXProject section */

/* Begin PBXResourcesBuildPhase section */
		6CA367491D94C72200185381 /* Resources */ = {
			isa = PBXResourcesBuildPhase;
			buildActionMask = 2147483647;
			files = (
				6CA367591D94C72200185381 /* LaunchScreen.storyboard in Resources */,
				6CA367561D94C72200185381 /* Assets.xcassets in Resources */,
				6CA367541D94C72200185381 /* Main.storyboard in Resources */,
			);
			runOnlyForDeploymentPostprocessing = 0;
		};
		6CA3675D1D94C72200185381 /* Resources */ = {
			isa = PBXResourcesBuildPhase;
			buildActionMask = 2147483647;
			files = (
			);
			runOnlyForDeploymentPostprocessing = 0;
		};
		6CA367681D94C72200185381 /* Resources */ = {
			isa = PBXResourcesBuildPhase;
			buildActionMask = 2147483647;
			files = (
			);
			runOnlyForDeploymentPostprocessing = 0;
		};
/* End PBXResourcesBuildPhase section */

/* Begin PBXSourcesBuildPhase section */
		6CA367471D94C72200185381 /* Sources */ = {
			isa = PBXSourcesBuildPhase;
			buildActionMask = 2147483647;
			files = (
				6CA367511D94C72200185381 /* ViewController.swift in Sources */,
				6CA3674F1D94C72200185381 /* AppDelegate.swift in Sources */,
				6CA3677F1D94CA9E00185381 /* first.swift in Sources */,
				6CA3677D1D94C73C00185381 /* firstViewController.swift in Sources */,
			);
			runOnlyForDeploymentPostprocessing = 0;
		};
		6CA3675B1D94C72200185381 /* Sources */ = {
			isa = PBXSourcesBuildPhase;
			buildActionMask = 2147483647;
			files = (
				6CA367641D94C72200185381 /* iOSandandroidTests.swift in Sources */,
			);
			runOnlyForDeploymentPostprocessing = 0;
		};
		6CA367661D94C72200185381 /* Sources */ = {
			isa = PBXSourcesBuildPhase;
			buildActionMask = 2147483647;
			files = (
				6CA3676F1D94C72200185381 /* iOSandandroidUITests.swift in Sources */,
			);
			runOnlyForDeploymentPostprocessing = 0;
		};
/* End PBXSourcesBuildPhase section */

/* Begin PBXTargetDependency section */
		6CA367611D94C72200185381 /* PBXTargetDependency */ = {
			isa = PBXTargetDependency;
			target = 6CA3674A1D94C72200185381 /* iOSandandroid */;
			targetProxy = 6CA367601D94C72200185381 /* PBXContainerItemProxy */;
		};
		6CA3676C1D94C72200185381 /* PBXTargetDependency */ = {
			isa = PBXTargetDependency;
			target = 6CA3674A1D94C72200185381 /* iOSandandroid */;
			targetProxy = 6CA3676B1D94C72200185381 /* PBXContainerItemProxy */;
		};
/* End PBXTargetDependency section */

/* Begin PBXVariantGroup section */
		6CA367521D94C72200185381 /* Main.storyboard */ = {
			isa = PBXVariantGroup;
			children = (
				6CA367531D94C72200185381 /* Base */,
			);
			name = Main.storyboard;
			sourceTree = "<group>";
		};
		6CA367571D94C72200185381 /* LaunchScreen.storyboard */ = {
			isa = PBXVariantGroup;
			children = (
				6CA367581D94C72200185381 /* Base */,
			);
			name = LaunchScreen.storyboard;
			sourceTree = "<group>";
		};
/* End PBXVariantGroup section */

/* Begin XCBuildConfiguration section */
		6CA367711D94C72200185381 /* Debug */ = {
			isa = XCBuildConfiguration;
			buildSettings = {
				ALWAYS_SEARCH_USER_PATHS = NO;
				CLANG_ANALYZER_NONNULL = YES;
				CLANG_CXX_LANGUAGE_STANDARD = "gnu++0x";
				CLANG_CXX_LIBRARY = "libc++";
				CLANG_ENABLE_MODULES = YES;
				CLANG_ENABLE_OBJC_ARC = YES;
				CLANG_WARN_BOOL_CONVERSION = YES;
				CLANG_WARN_CONSTANT_CONVERSION = YES;
				CLANG_WARN_DIRECT_OBJC_ISA_USAGE = YES_ERROR;
				CLANG_WARN_EMPTY_BODY = YES;
				CLANG_WARN_ENUM_CONVERSION = YES;
				CLANG_WARN_INT_CONVERSION = YES;
				CLANG_WARN_OBJC_ROOT_CLASS = YES_ERROR;
				CLANG_WARN_UNREACHABLE_CODE = YES;
				CLANG_WARN__DUPLICATE_METHOD_MATCH = YES;
				"CODE_SIGN_IDENTITY[sdk=iphoneos*]" = "iPhone Developer";
				COPY_PHASE_STRIP = NO;
				DEBUG_INFORMATION_FORMAT = dwarf;
				ENABLE_STRICT_OBJC_MSGSEND = YES;
				ENABLE_TESTABILITY = YES;
				GCC_C_LANGUAGE_STANDARD = gnu99;
				GCC_DYNAMIC_NO_PIC = NO;
				GCC_NO_COMMON_BLOCKS = YES;
				GCC_OPTIMIZATION_LEVEL = 0;
				GCC_PREPROCESSOR_DEFINITIONS = (
					"DEBUG=1",
					"$(inherited)",
				);
				GCC_WARN_64_TO_32_BIT_CONVERSION = YES;
				GCC_WARN_ABOUT_RETURN_TYPE = YES_ERROR;
				GCC_WARN_UNDECLARED_SELECTOR = YES;
				GCC_WARN_UNINITIALIZED_AUTOS = YES_AGGRESSIVE;
				GCC_WARN_UNUSED_FUNCTION = YES;
				GCC_WARN_UNUSED_VARIABLE = YES;
				IPHONEOS_DEPLOYMENT_TARGET = 9.3;
				MTL_ENABLE_DEBUG_INFO = YES;
				ONLY_ACTIVE_ARCH = YES;
				SDKROOT = iphoneos;
				SWIFT_OPTIMIZATION_LEVEL = "-Onone";
				TARGETED_DEVICE_FAMILY = "1,2";
			};
			name = Debug;
		};
		6CA367721D94C72200185381 /* Release */ = {
			isa = XCBuildConfiguration;
			buildSettings = {
				ALWAYS_SEARCH_USER_PATHS = NO;
				CLANG_ANALYZER_NONNULL = YES;
				CLANG_CXX_LANGUAGE_STANDARD = "gnu++0x";
				CLANG_CXX_LIBRARY = "libc++";
				CLANG_ENABLE_MODULES = YES;
				CLANG_ENABLE_OBJC_ARC = YES;
				CLANG_WARN_BOOL_CONVERSION = YES;
				CLANG_WARN_CONSTANT_CONVERSION = YES;
				CLANG_WARN_DIRECT_OBJC_ISA_USAGE = YES_ERROR;
				CLANG_WARN_EMPTY_BODY = YES;
				CLANG_WARN_ENUM_CONVERSION = YES;
				CLANG_WARN_INT_CONVERSION = YES;
				CLANG_WARN_OBJC_ROOT_CLASS = YES_ERROR;
				CLANG_WARN_UNREACHABLE_CODE = YES;
				CLANG_WARN__DUPLICATE_METHOD_MATCH = YES;
				"CODE_SIGN_IDENTITY[sdk=iphoneos*]" = "iPhone Developer";
				COPY_PHASE_STRIP = NO;
				DEBUG_INFORMATION_FORMAT = "dwarf-with-dsym";
				ENABLE_NS_ASSERTIONS = NO;
				ENABLE_STRICT_OBJC_MSGSEND = YES;
				GCC_C_LANGUAGE_STANDARD = gnu99;
				GCC_NO_COMMON_BLOCKS = YES;
				GCC_WARN_64_TO_32_BIT_CONVERSION = YES;
				GCC_WARN_ABOUT_RETURN_TYPE = YES_ERROR;
				GCC_WARN_UNDECLARED_SELECTOR = YES;
				GCC_WARN_UNINITIALIZED_AUTOS = YES_AGGRESSIVE;
				GCC_WARN_UNUSED_FUNCTION = YES;
				GCC_WARN_UNUSED_VARIABLE = YES;
				IPHONEOS_DEPLOYMENT_TARGET = 9.3;
				MTL_ENABLE_DEBUG_INFO = NO;
				SDKROOT = iphoneos;
				TARGETED_DEVICE_FAMILY = "1,2";
				VALIDATE_PRODUCT = YES;
			};
			name = Release;
		};
		6CA367741D94C72200185381 /* Debug */ = {
			isa = XCBuildConfiguration;
			buildSettings = {
				ASSETCATALOG_COMPILER_APPICON_NAME = AppIcon;
				INFOPLIST_FILE = iOSandandroid/Info.plist;
				LD_RUNPATH_SEARCH_PATHS = "$(inherited) @executable_path/Frameworks";
				PRODUCT_BUNDLE_IDENTIFIER = FlyHaagenDazs.iOSandandroid;
				PRODUCT_NAME = "$(TARGET_NAME)";
			};
			name = Debug;
		};
		6CA367751D94C72200185381 /* Release */ = {
			isa = XCBuildConfiguration;
			buildSettings = {
				ASSETCATALOG_COMPILER_APPICON_NAME = AppIcon;
				INFOPLIST_FILE = iOSandandroid/Info.plist;
				LD_RUNPATH_SEARCH_PATHS = "$(inherited) @executable_path/Frameworks";
				PRODUCT_BUNDLE_IDENTIFIER = FlyHaagenDazs.iOSandandroid;
				PRODUCT_NAME = "$(TARGET_NAME)";
			};
			name = Release;
		};
		6CA367771D94C72200185381 /* Debug */ = {
			isa = XCBuildConfiguration;
			buildSettings = {
				BUNDLE_LOADER = "$(TEST_HOST)";
				INFOPLIST_FILE = iOSandandroidTests/Info.plist;
				LD_RUNPATH_SEARCH_PATHS = "$(inherited) @executable_path/Frameworks @loader_path/Frameworks";
				PRODUCT_BUNDLE_IDENTIFIER = FlyHaagenDazs.iOSandandroidTests;
				PRODUCT_NAME = "$(TARGET_NAME)";
				TEST_HOST = "$(BUILT_PRODUCTS_DIR)/iOSandandroid.app/iOSandandroid";
			};
			name = Debug;
		};
		6CA367781D94C72200185381 /* Release */ = {
			isa = XCBuildConfiguration;
			buildSettings = {
				BUNDLE_LOADER = "$(TEST_HOST)";
				INFOPLIST_FILE = iOSandandroidTests/Info.plist;
				LD_RUNPATH_SEARCH_PATHS = "$(inherited) @executable_path/Frameworks @loader_path/Frameworks";
				PRODUCT_BUNDLE_IDENTIFIER = FlyHaagenDazs.iOSandandroidTests;
				PRODUCT_NAME = "$(TARGET_NAME)";
				TEST_HOST = "$(BUILT_PRODUCTS_DIR)/iOSandandroid.app/iOSandandroid";
			};
			name = Release;
		};
		6CA3677A1D94C72200185381 /* Debug */ = {
			isa = XCBuildConfiguration;
			buildSettings = {
				INFOPLIST_FILE = iOSandandroidUITests/Info.plist;
				LD_RUNPATH_SEARCH_PATHS = "$(inherited) @executable_path/Frameworks @loader_path/Frameworks";
				PRODUCT_BUNDLE_IDENTIFIER = FlyHaagenDazs.iOSandandroidUITests;
				PRODUCT_NAME = "$(TARGET_NAME)";
				TEST_TARGET_NAME = iOSandandroid;
			};
			name = Debug;
		};
		6CA3677B1D94C72200185381 /* Release */ = {
			isa = XCBuildConfiguration;
			buildSettings = {
				INFOPLIST_FILE = iOSandandroidUITests/Info.plist;
				LD_RUNPATH_SEARCH_PATHS = "$(inherited) @executable_path/Frameworks @loader_path/Frameworks";
				PRODUCT_BUNDLE_IDENTIFIER = FlyHaagenDazs.iOSandandroidUITests;
				PRODUCT_NAME = "$(TARGET_NAME)";
				TEST_TARGET_NAME = iOSandandroid;
			};
			name = Release;
		};
/* End XCBuildConfiguration section */

/* Begin XCConfigurationList section */
		6CA367461D94C72200185381 /* Build configuration list for PBXProject "iOSandandroid" */ = {
			isa = XCConfigurationList;
			buildConfigurations = (
				6CA367711D94C72200185381 /* Debug */,
				6CA367721D94C72200185381 /* Release */,
			);
			defaultConfigurationIsVisible = 0;
			defaultConfigurationName = Release;
		};
		6CA367731D94C72200185381 /* Build configuration list for PBXNativeTarget "iOSandandroid" */ = {
			isa = XCConfigurationList;
			buildConfigurations = (
				6CA367741D94C72200185381 /* Debug */,
				6CA367751D94C72200185381 /* Release */,
			);
			defaultConfigurationIsVisible = 0;
			defaultConfigurationName = Release;
		};
		6CA367761D94C72200185381 /* Build configuration list for PBXNativeTarget "iOSandandroidTests" */ = {
			isa = XCConfigurationList;
			buildConfigurations = (
				6CA367771D94C72200185381 /* Debug */,
				6CA367781D94C72200185381 /* Release */,
			);
			defaultConfigurationIsVisible = 0;
			defaultConfigurationName = Release;
		};
		6CA367791D94C72200185381 /* Build configuration list for PBXNativeTarget "iOSandandroidUITests" */ = {
			isa = XCConfigurationList;
			buildConfigurations = (
				6CA3677A1D94C72200185381 /* Debug */,
				6CA3677B1D94C72200185381 /* Release */,
			);
			defaultConfigurationIsVisible = 0;
			defaultConfigurationName = Release;
		};
/* End XCConfigurationList section */
	};
	rootObject = 6CA367431D94C72200185381 /* Project object */;
}
